<?xml version="1.0" encoding="utf-8"?>
<Project ToolsVersion="4.0" xmlns="http://schemas.microsoft.com/developer/msbuild/2003">
  <ItemGroup>
    <Filter Include="Source Files">
      <UniqueIdentifier>{4FC737F1-C7A5-4376-A066-2A32D752A2FF}</UniqueIdentifier>
      <Extensions>cpp;c;cc;cxx;c++;cppm;ixx;def;odl;idl;hpj;bat;asm;asmx</Extensions>
    </Filter>
    <Filter Include="Header Files">
      <UniqueIdentifier>{93995380-89BD-4b04-88EB-625FBE52EBFB}</UniqueIdentifier>
      <Extensions>h;hh;hpp;hxx;h++;hm;inl;inc;ipp;xsd</Extensions>
    </Filter>
    <Filter Include="Resource Files">
      <UniqueIdentifier>{67DA6AB6-F800-4c08-8B7A-83BB121AAD01}</UniqueIdentifier>
      <Extensions>rc;ico;cur;bmp;dlg;rc2;rct;bin;rgs;gif;jpg;jpeg;jpe;resx;tiff;tif;png;wav;mfcribbon-ms</Extensions>
    </Filter>
    <Filter Include="imgui">
      <UniqueIdentifier>{88f413f5-6441-4ad8-8b0a-e1d40109c67e}</UniqueIdentifier>
    </Filter>
    <Filter Include="Header Files\Components">
      <UniqueIdentifier>{31c0e522-6d9f-4c0c-adb5-7e70fc139869}</UniqueIdentifier>
    </Filter>
    <Filter Include="Source Files\Components">
      <UniqueIdentifier>{b525b21a-3cb5-447c-a7c1-18fda59f3b0d}</UniqueIdentifier>
    </Filter>
  </ItemGroup>
  <ItemGroup>
    <ClCompile Include="main.cpp">
      <Filter>Source Files</Filter>
    </ClCompile>
    <ClCompile Include="..\..\..\..\..\..\Code\glad\glad.c">
      <Filter>Source Files</Filter>
    </ClCompile>
    <ClCompile Include="game.cpp">
      <Filter>Source Files</Filter>
    </ClCompile>
    <ClCompile Include="shader.cpp">
      <Filter>Source Files</Filter>
    </ClCompile>
    <ClCompile Include="states.cpp">
      <Filter>Source Files</Filter>
    </ClCompile>
    <ClCompile Include="resources.cpp">
      <Filter>Source Files</Filter>
    </ClCompile>
    <ClCompile Include="mesh.cpp">
      <Filter>Source Files</Filter>
    </ClCompile>
    <ClCompile Include="vertexdata.cpp">
      <Filter>Source Files</Filter>
    </ClCompile>
    <ClCompile Include="gameobject.cpp">
      <Filter>Source Files</Filter>
    </ClCompile>
    <ClCompile Include="factories.cpp">
      <Filter>Source Files</Filter>
    </ClCompile>
    <ClCompile Include="uniform.cpp">
      <Filter>Source Files</Filter>
    </ClCompile>
    <ClCompile Include="subject.cpp">
      <Filter>Source Files</Filter>
    </ClCompile>
    <ClCompile Include="PuckMovement.cpp">
      <Filter>Source Files</Filter>
    </ClCompile>
    <ClCompile Include="volumes.cpp">
      <Filter>Source Files</Filter>
    </ClCompile>
    <ClCompile Include="aabb.cpp">
      <Filter>Source Files</Filter>
    </ClCompile>
    <ClCompile Include="window.cpp">
      <Filter>Source Files</Filter>
    </ClCompile>
    <ClCompile Include="primitives.cpp">
      <Filter>Source Files</Filter>
    </ClCompile>
    <ClCompile Include="glsltranslator.cpp">
      <Filter>Source Files</Filter>
    </ClCompile>
    <ClCompile Include="stb.cpp">
      <Filter>Source Files</Filter>
    </ClCompile>
    <ClCompile Include="image2d.cpp">
      <Filter>Source Files</Filter>
    </ClCompile>
    <ClCompile Include="texture2d.cpp">
      <Filter>Source Files</Filter>
    </ClCompile>
    <ClCompile Include="resourcemanager.cpp">
      <Filter>Source Files</Filter>
    </ClCompile>
    <ClCompile Include="xmlnode.cpp">
      <Filter>Source Files</Filter>
    </ClCompile>
    <ClCompile Include="xmltree.cpp">
      <Filter>Source Files</Filter>
    </ClCompile>
    <ClCompile Include="xmlparser.cpp">
      <Filter>Source Files</Filter>
    </ClCompile>
    <ClCompile Include="xmlstate.cpp">
      <Filter>Source Files</Filter>
    </ClCompile>
    <ClCompile Include="resource.cpp">
      <Filter>Source Files</Filter>
    </ClCompile>
    <ClCompile Include="..\..\..\..\..\..\imgui\imgui\imgui.cpp">
      <Filter>imgui</Filter>
    </ClCompile>
    <ClCompile Include="..\..\..\..\..\..\imgui\imgui\imgui_demo.cpp">
      <Filter>imgui</Filter>
    </ClCompile>
    <ClCompile Include="..\..\..\..\..\..\imgui\imgui\imgui_draw.cpp">
      <Filter>imgui</Filter>
    </ClCompile>
    <ClCompile Include="..\..\..\..\..\..\imgui\imgui\imgui_tables.cpp">
      <Filter>imgui</Filter>
    </ClCompile>
    <ClCompile Include="..\..\..\..\..\..\imgui\imgui\imgui_widgets.cpp">
      <Filter>imgui</Filter>
    </ClCompile>
    <ClCompile Include="..\..\..\..\..\..\imgui\imgui\backends\imgui_impl_opengl3.cpp">
      <Filter>imgui</Filter>
    </ClCompile>
    <ClCompile Include="..\..\..\..\..\..\imgui\imgui\backends\imgui_impl_glfw.cpp">
      <Filter>imgui</Filter>
    </ClCompile>
    <ClCompile Include="ui_window.cpp">
      <Filter>Source Files</Filter>
    </ClCompile>
    <ClCompile Include="object_editor.cpp">
      <Filter>Source Files</Filter>
    </ClCompile>
    <ClCompile Include="hierarchy_view.cpp">
      <Filter>Source Files</Filter>
    </ClCompile>
    <ClCompile Include="editor_manager.cpp">
      <Filter>Source Files</Filter>
    </ClCompile>
    <ClCompile Include="input_manager.cpp">
      <Filter>Source Files</Filter>
    </ClCompile>
    <ClCompile Include="key_mouse_input_service.cpp">
      <Filter>Source Files</Filter>
    </ClCompile>
    <ClCompile Include="camera_control.cpp">
      <Filter>Source Files\Components</Filter>
    </ClCompile>
    <ClCompile Include="camera.cpp">
      <Filter>Source Files\Components</Filter>
    </ClCompile>
    <ClCompile Include="component.cpp">
      <Filter>Source Files\Components</Filter>
    </ClCompile>
    <ClCompile Include="controller.cpp">
      <Filter>Source Files\Components</Filter>
    </ClCompile>
    <ClCompile Include="input_test.cpp">
      <Filter>Source Files\Components</Filter>
    </ClCompile>
    <ClCompile Include="modelcomponent.cpp">
      <Filter>Source Files\Components</Filter>
    </ClCompile>
    <ClCompile Include="orthographic.cpp">
      <Filter>Source Files\Components</Filter>
    </ClCompile>
    <ClCompile Include="perspective.cpp">
      <Filter>Source Files\Components</Filter>
    </ClCompile>
    <ClCompile Include="projection.cpp">
      <Filter>Source Files\Components</Filter>
    </ClCompile>
    <ClCompile Include="shadercomponent.cpp">
      <Filter>Source Files\Components</Filter>
    </ClCompile>
    <ClCompile Include="transform.cpp">
      <Filter>Source Files\Components</Filter>
    </ClCompile>
    <ClCompile Include="targeted_camera.cpp">
      <Filter>Source Files\Components</Filter>
    </ClCompile>
  </ItemGroup>
  <ItemGroup>
    <ClInclude Include="game.h">
      <Filter>Header Files</Filter>
    </ClInclude>
    <ClInclude Include="gameobject.h">
      <Filter>Header Files</Filter>
    </ClInclude>
    <ClInclude Include="shader.h">
      <Filter>Header Files</Filter>
    </ClInclude>
    <ClInclude Include="uniform.h">
      <Filter>Header Files</Filter>
    </ClInclude>
    <ClInclude Include="resources.h">
      <Filter>Header Files</Filter>
    </ClInclude>
    <ClInclude Include="mesh.h">
      <Filter>Header Files</Filter>
    </ClInclude>
    <ClInclude Include="factories.h">
      <Filter>Header Files</Filter>
    </ClInclude>
    <ClInclude Include="vertexdata.h">
      <Filter>Header Files</Filter>
    </ClInclude>
    <ClInclude Include="subject.hpp">
      <Filter>Header Files</Filter>
    </ClInclude>
    <ClInclude Include="observer.hpp">
      <Filter>Header Files</Filter>
    </ClInclude>
    <ClInclude Include="aabb.hpp">
      <Filter>Header Files</Filter>
    </ClInclude>
    <ClInclude Include="window.hpp">
      <Filter>Header Files</Filter>
    </ClInclude>
    <ClInclude Include="primitives.hpp">
      <Filter>Header Files</Filter>
    </ClInclude>
    <ClInclude Include="glsltranslator.hpp">
      <Filter>Header Files</Filter>
    </ClInclude>
    <ClInclude Include="image2d.hpp">
      <Filter>Header Files</Filter>
    </ClInclude>
    <ClInclude Include="..\..\..\..\..\..\Code\stb\stb_image.h">
      <Filter>Header Files</Filter>
    </ClInclude>
    <ClInclude Include="texture2d.hpp">
      <Filter>Header Files</Filter>
    </ClInclude>
    <ClInclude Include="resourcemanager.hpp">
      <Filter>Header Files</Filter>
    </ClInclude>
    <ClInclude Include="xmlparser.hpp">
      <Filter>Header Files</Filter>
    </ClInclude>
    <ClInclude Include="xmltree.hpp">
      <Filter>Header Files</Filter>
    </ClInclude>
    <ClInclude Include="xmlnode.hpp">
      <Filter>Header Files</Filter>
    </ClInclude>
    <ClInclude Include="xmlstate.hpp">
      <Filter>Header Files</Filter>
    </ClInclude>
    <ClInclude Include="resource.hpp">
      <Filter>Header Files</Filter>
    </ClInclude>
    <ClInclude Include="..\..\..\..\..\..\imgui\imgui\imconfig.h">
      <Filter>imgui</Filter>
    </ClInclude>
    <ClInclude Include="..\..\..\..\..\..\imgui\imgui\imgui_internal.h">
      <Filter>imgui</Filter>
    </ClInclude>
    <ClInclude Include="..\..\..\..\..\..\imgui\imgui\backends\imgui_impl_opengl3.h">
      <Filter>imgui</Filter>
    </ClInclude>
    <ClInclude Include="..\..\..\..\..\..\imgui\imgui\backends\imgui_impl_opengl3_loader.h">
      <Filter>imgui</Filter>
    </ClInclude>
    <ClInclude Include="..\..\..\..\..\..\imgui\imgui\backends\imgui_impl_glfw.h">
      <Filter>imgui</Filter>
    </ClInclude>
    <ClInclude Include="..\..\..\..\..\..\imgui\imgui\imgui.h">
      <Filter>Header Files</Filter>
    </ClInclude>
    <ClInclude Include="imgui.h">
      <Filter>Header Files</Filter>
    </ClInclude>
    <ClInclude Include="ui_window.hpp">
      <Filter>Header Files</Filter>
    </ClInclude>
    <ClInclude Include="object_editor.hpp">
      <Filter>Header Files</Filter>
    </ClInclude>
    <ClInclude Include="hierarchy_view.hpp">
      <Filter>Header Files</Filter>
    </ClInclude>
    <ClInclude Include="editor_manager.hpp">
      <Filter>Header Files</Filter>
    </ClInclude>
    <ClInclude Include="input_manager.hpp">
      <Filter>Header Files</Filter>
    </ClInclude>
    <ClInclude Include="InputService.hpp">
      <Filter>Header Files</Filter>
    </ClInclude>
    <ClInclude Include="key_mouse_input_service.hpp">
      <Filter>Header Files</Filter>
    </ClInclude>
    <ClInclude Include="camera.h">
      <Filter>Header Files\Components</Filter>
    </ClInclude>
    <ClInclude Include="camera_control.hpp">
      <Filter>Header Files\Components</Filter>
    </ClInclude>
    <ClInclude Include="component.h">
      <Filter>Header Files\Components</Filter>
    </ClInclude>
    <ClInclude Include="controller.h">
      <Filter>Header Files\Components</Filter>
    </ClInclude>
    <ClInclude Include="input_test.hpp">
      <Filter>Header Files\Components</Filter>
    </ClInclude>
    <ClInclude Include="mesh_component.hpp">
      <Filter>Header Files\Components</Filter>
    </ClInclude>
    <ClInclude Include="orthographic.h">
      <Filter>Header Files\Components</Filter>
    </ClInclude>
    <ClInclude Include="perspective.h">
      <Filter>Header Files\Components</Filter>
    </ClInclude>
    <ClInclude Include="projection.h">
      <Filter>Header Files\Components</Filter>
    </ClInclude>
    <ClInclude Include="PuckMovement.hpp">
      <Filter>Header Files\Components</Filter>
    </ClInclude>
    <ClInclude Include="shadercomponent.h">
      <Filter>Header Files\Components</Filter>
    </ClInclude>
    <ClInclude Include="transform.h">
      <Filter>Header Files\Components</Filter>
    </ClInclude>
    <ClInclude Include="math_3d.hpp">
      <Filter>Header Files</Filter>
    </ClInclude>
    <ClInclude Include="targeted_camera.hpp">
      <Filter>Header Files\Components</Filter>
    </ClInclude>
  </ItemGroup>
  <ItemGroup>
    <None Include="states.h">
      <Filter>Header Files</Filter>
    </None>
    <None Include="gameobject.tpp">
      <Filter>Header Files</Filter>
    </None>
    <None Include="resourcemanager.tpp">
      <Filter>Header Files</Filter>
    </None>
    <None Include="component.tpp">
      <Filter>Header Files\Components</Filter>
    </None>
  </ItemGroup>
</Project>