<Project xmlns="http://schemas.microsoft.com/developer/msbuild/2003" ToolsVersion="4.0">
  <ItemGroup>
    <Filter Include="Source Files">
      <UniqueIdentifier>{4FC737F1-C7A5-4376-A066-2A32D752A2FF}</UniqueIdentifier>
      <Extensions>cpp;c;cc;cxx;c++;cppm;ixx;def;odl;idl;hpj;bat;asm;asmx</Extensions>
    </Filter>
    <Filter Include="Header Files">
      <UniqueIdentifier>{93995380-89BD-4b04-88EB-625FBE52EBFB}</UniqueIdentifier>
      <Extensions>h;hh;hpp;hxx;h++;hm;inl;inc;ipp;xsd</Extensions>
    </Filter>
    <Filter Include="Resource Files">
      <UniqueIdentifier>{67DA6AB6-F800-4c08-8B7A-83BB121AAD01}</UniqueIdentifier>
      <Extensions>rc;ico;cur;bmp;dlg;rc2;rct;bin;rgs;gif;jpg;jpeg;jpe;resx;tiff;tif;png;wav;mfcribbon-ms</Extensions>
    </Filter>
    <Filter Include="imgui">
      <UniqueIdentifier>{88f413f5-6441-4ad8-8b0a-e1d40109c67e}</UniqueIdentifier>
    </Filter>
    <Filter Include="Header Files\Components">
      <UniqueIdentifier>{31c0e522-6d9f-4c0c-adb5-7e70fc139869}</UniqueIdentifier>
    </Filter>
    <Filter Include="Source Files\Components">
      <UniqueIdentifier>{b525b21a-3cb5-447c-a7c1-18fda59f3b0d}</UniqueIdentifier>
    </Filter>
    <Filter Include="Source Files\Scripts">
      <UniqueIdentifier>{4a03ddd5-f503-43ff-9deb-78410a1f4995}</UniqueIdentifier>
    </Filter>
    <Filter Include="Source Files\Windows">
      <UniqueIdentifier>{1072c231-76f7-4fe4-9a6f-aff258d2138d}</UniqueIdentifier>
    </Filter>
    <Filter Include="Header Files\Windows">
      <UniqueIdentifier>{4fe45326-ab24-41d8-9ca0-6c3d0312f4f3}</UniqueIdentifier>
    </Filter>
    <Filter Include="Header Files\UI %28ImGui%29 Windows">
      <UniqueIdentifier>{dcf4ca13-74fb-4c48-ae08-f97feebdf889}</UniqueIdentifier>
    </Filter>
    <Filter Include="Source Files\UI %28ImGui%29 Windows">
      <UniqueIdentifier>{10ae7c72-bee8-479b-87ff-1d77f0617725}</UniqueIdentifier>
    </Filter>
    <Filter Include="Header Files\Resources">
      <UniqueIdentifier>{e17fa4d2-70a6-4095-99d2-eb8172c186c5}</UniqueIdentifier>
    </Filter>
    <Filter Include="Source Files\Resources">
      <UniqueIdentifier>{6bc9b26d-91d8-4a53-bd46-ea3c587b3d59}</UniqueIdentifier>
    </Filter>
    <Filter Include="Header Files\Systems">
      <UniqueIdentifier>{94ff8a57-f1c9-49b2-aa9e-136727e2cd7e}</UniqueIdentifier>
    </Filter>
    <Filter Include="Source Files\Systems">
      <UniqueIdentifier>{1b14a630-9a4e-4fa6-b6df-182db30505d0}</UniqueIdentifier>
    </Filter>
    <Filter Include="Header Files\Components\Interfaces">
      <UniqueIdentifier>{3ccde157-dd78-4d17-9667-0f2fbed5eb0b}</UniqueIdentifier>
    </Filter>
    <Filter Include="Source Files\Components\Interfaces">
      <UniqueIdentifier>{783273a2-dcce-4c48-a1f9-d5e7bb1b6c4e}</UniqueIdentifier>
    </Filter>
    <Filter Include="Header Files\Components\Gizmos">
      <UniqueIdentifier>{b90ed381-b7a7-47da-866f-e2d7a4d69be4}</UniqueIdentifier>
    </Filter>
    <Filter Include="Source Files\Components\Gizmos">
      <UniqueIdentifier>{873b8f63-44f2-4a69-a54d-72d1615cade8}</UniqueIdentifier>
    </Filter>
    <Filter Include="Header Files\SceneObjects">
      <UniqueIdentifier>{92a3d0f0-4382-4f8a-85f4-4a3b6520227a}</UniqueIdentifier>
    </Filter>
    <Filter Include="Source Files\SceneObjects">
      <UniqueIdentifier>{c7335aec-45f7-4662-84fd-5cb75fa96963}</UniqueIdentifier>
    </Filter>
  </ItemGroup>
  <ItemGroup>
    <ClCompile Include="main.cpp">
      <Filter>Source Files</Filter>
    </ClCompile>
    <ClCompile Include="scene.cpp">
      <Filter>Source Files</Filter>
    </ClCompile>
    <ClCompile Include="vertex-data.cpp">
      <Filter>Source Files</Filter>
    </ClCompile>
    <ClCompile Include="factories.cpp">
      <Filter>Source Files</Filter>
    </ClCompile>
    <ClCompile Include="uniform.cpp">
      <Filter>Source Files</Filter>
    </ClCompile>
    <ClCompile Include="volumes.cpp">
      <Filter>Source Files</Filter>
    </ClCompile>
    <ClCompile Include="aabb.cpp">
      <Filter>Source Files</Filter>
    </ClCompile>
    <ClCompile Include="primitives.cpp">
      <Filter>Source Files</Filter>
    </ClCompile>
    <ClCompile Include="glsl-translator.cpp">
      <Filter>Source Files</Filter>
    </ClCompile>
    <ClCompile Include="stb.cpp">
      <Filter>Source Files</Filter>
    </ClCompile>
    <ClCompile Include="xml-node.cpp">
      <Filter>Source Files</Filter>
    </ClCompile>
    <ClCompile Include="xml-tree.cpp">
      <Filter>Source Files</Filter>
    </ClCompile>
    <ClCompile Include="xml-parser.cpp">
      <Filter>Source Files</Filter>
    </ClCompile>
    <ClCompile Include="xml-state.cpp">
      <Filter>Source Files</Filter>
    </ClCompile>
    <ClCompile Include="..\..\..\..\..\..\imgui\imgui\imgui.cpp">
      <Filter>imgui</Filter>
    </ClCompile>
    <ClCompile Include="..\..\..\..\..\..\imgui\imgui\imgui_demo.cpp">
      <Filter>imgui</Filter>
    </ClCompile>
    <ClCompile Include="..\..\..\..\..\..\imgui\imgui\imgui_draw.cpp">
      <Filter>imgui</Filter>
    </ClCompile>
    <ClCompile Include="..\..\..\..\..\..\imgui\imgui\imgui_tables.cpp">
      <Filter>imgui</Filter>
    </ClCompile>
    <ClCompile Include="..\..\..\..\..\..\imgui\imgui\imgui_widgets.cpp">
      <Filter>imgui</Filter>
    </ClCompile>
    <ClCompile Include="..\..\..\..\..\..\imgui\imgui\backends\imgui_impl_opengl3.cpp">
      <Filter>imgui</Filter>
    </ClCompile>
    <ClCompile Include="..\..\..\..\..\..\imgui\imgui\backends\imgui_impl_glfw.cpp">
      <Filter>imgui</Filter>
    </ClCompile>
    <ClCompile Include="key-mouse-input-service.cpp">
      <Filter>Source Files</Filter>
    </ClCompile>
    <ClCompile Include="camera-control-component.cpp">
      <Filter>Source Files\Components</Filter>
    </ClCompile>
    <ClCompile Include="camera-component.cpp">
      <Filter>Source Files\Components</Filter>
    </ClCompile>
    <ClCompile Include="component.cpp">
      <Filter>Source Files\Components</Filter>
    </ClCompile>
    <ClCompile Include="mesh-component.cpp">
      <Filter>Source Files\Components</Filter>
    </ClCompile>
    <ClCompile Include="orthographic-component.cpp">
      <Filter>Source Files\Components</Filter>
    </ClCompile>
    <ClCompile Include="perspective-component.cpp">
      <Filter>Source Files\Components</Filter>
    </ClCompile>
    <ClCompile Include="projection-component.cpp">
      <Filter>Source Files\Components</Filter>
    </ClCompile>
    <ClCompile Include="shader-component.cpp">
      <Filter>Source Files\Components</Filter>
    </ClCompile>
    <ClCompile Include="transform-component.cpp">
      <Filter>Source Files\Components</Filter>
    </ClCompile>
    <ClCompile Include="targeted-camera-component .cpp">
      <Filter>Source Files\Components</Filter>
    </ClCompile>
    <ClCompile Include="math-3d.cpp">
      <Filter>Source Files</Filter>
    </ClCompile>
    <ClCompile Include="selector-component.cpp">
      <Filter>Source Files\Components</Filter>
    </ClCompile>
    <ClCompile Include="material.cpp">
      <Filter>Source Files</Filter>
    </ClCompile>
    <ClCompile Include="window.cpp">
      <Filter>Source Files\Windows</Filter>
    </ClCompile>
    <ClCompile Include="button.cpp">
      <Filter>Source Files\Windows</Filter>
    </ClCompile>
    <ClCompile Include="root-window.cpp">
      <Filter>Source Files\Windows</Filter>
    </ClCompile>
    <ClCompile Include="render-component.cpp">
      <Filter>Source Files\Components</Filter>
    </ClCompile>
    <ClCompile Include="render-command.cpp">
      <Filter>Source Files</Filter>
    </ClCompile>
    <ClCompile Include="projection.cpp">
      <Filter>Source Files</Filter>
    </ClCompile>
    <ClCompile Include="uniform-holder.cpp">
      <Filter>Source Files</Filter>
    </ClCompile>
    <ClCompile Include="eucmesh-scanner.cpp">
      <Filter>Source Files</Filter>
    </ClCompile>
    <ClCompile Include="free-camera-component.cpp">
      <Filter>Source Files\Components</Filter>
    </ClCompile>
    <ClCompile Include="check-error.cpp">
      <Filter>Source Files</Filter>
    </ClCompile>
    <ClCompile Include="..\..\..\..\..\..\Code\glad\glad-4-6\src\glad.c">
      <Filter>Source Files</Filter>
    </ClCompile>
    <ClCompile Include="color.cpp">
      <Filter>Source Files</Filter>
    </ClCompile>
    <ClCompile Include="transform-2d-component.cpp">
      <Filter>Source Files\Components</Filter>
    </ClCompile>
    <ClCompile Include="hierarchy-view.cpp">
      <Filter>Source Files\UI %28ImGui%29 Windows</Filter>
    </ClCompile>
    <ClCompile Include="ui-window.cpp">
      <Filter>Source Files\UI %28ImGui%29 Windows</Filter>
    </ClCompile>
    <ClCompile Include="object-editor.cpp">
      <Filter>Source Files\UI %28ImGui%29 Windows</Filter>
    </ClCompile>
    <ClCompile Include="resource-browser.cpp">
      <Filter>Source Files\UI %28ImGui%29 Windows</Filter>
    </ClCompile>
    <ClCompile Include="image.cpp">
      <Filter>Source Files\Resources</Filter>
    </ClCompile>
    <ClCompile Include="renderbuffer.cpp">
      <Filter>Source Files\Resources</Filter>
    </ClCompile>
    <ClCompile Include="mesh.cpp">
      <Filter>Source Files\Resources</Filter>
    </ClCompile>
    <ClCompile Include="framebuffer.cpp">
      <Filter>Source Files\Resources</Filter>
    </ClCompile>
    <ClCompile Include="resource.cpp">
      <Filter>Source Files\Resources</Filter>
    </ClCompile>
    <ClCompile Include="shader.cpp">
      <Filter>Source Files\Resources</Filter>
    </ClCompile>
    <ClCompile Include="texture.cpp">
      <Filter>Source Files\Resources</Filter>
    </ClCompile>
    <ClCompile Include="app.cpp">
      <Filter>Source Files\Systems</Filter>
    </ClCompile>
    <ClCompile Include="input-manager.cpp">
      <Filter>Source Files\Systems</Filter>
    </ClCompile>
    <ClCompile Include="render-engine.cpp">
      <Filter>Source Files\Systems</Filter>
    </ClCompile>
    <ClCompile Include="resource-manager.cpp">
      <Filter>Source Files\Systems</Filter>
    </ClCompile>
    <ClCompile Include="editor-manager.cpp">
      <Filter>Source Files\Systems</Filter>
    </ClCompile>
    <ClCompile Include="interface.cpp">
      <Filter>Source Files\Components\Interfaces</Filter>
    </ClCompile>
    <ClCompile Include="transform-gizmo.cpp">
      <Filter>Source Files\Components\Gizmos</Filter>
    </ClCompile>
    <ClCompile Include="game-object.cpp">
      <Filter>Source Files\SceneObjects</Filter>
    </ClCompile>
    <ClCompile Include="ui-rectangle.cpp">
      <Filter>Source Files\SceneObjects</Filter>
    </ClCompile>
  </ItemGroup>
  <ItemGroup>
    <ClInclude Include="uniform.hpp">
      <Filter>Header Files</Filter>
    </ClInclude>
    <ClInclude Include="factories.hpp">
      <Filter>Header Files</Filter>
    </ClInclude>
    <ClInclude Include="vertex-data.hpp">
      <Filter>Header Files</Filter>
    </ClInclude>
    <ClInclude Include="aabb.hpp">
      <Filter>Header Files</Filter>
    </ClInclude>
    <ClInclude Include="primitives.hpp">
      <Filter>Header Files</Filter>
    </ClInclude>
    <ClInclude Include="glsl-translator.hpp">
      <Filter>Header Files</Filter>
    </ClInclude>
    <ClInclude Include="..\..\..\..\..\..\Code\stb\stb_image.h">
      <Filter>Header Files</Filter>
    </ClInclude>
    <ClInclude Include="xml-parser.hpp">
      <Filter>Header Files</Filter>
    </ClInclude>
    <ClInclude Include="xml-tree.hpp">
      <Filter>Header Files</Filter>
    </ClInclude>
    <ClInclude Include="xml-node.hpp">
      <Filter>Header Files</Filter>
    </ClInclude>
    <ClInclude Include="xml-state.hpp">
      <Filter>Header Files</Filter>
    </ClInclude>
    <ClInclude Include="..\..\..\..\..\..\imgui\imgui\imconfig.h">
      <Filter>imgui</Filter>
    </ClInclude>
    <ClInclude Include="..\..\..\..\..\..\imgui\imgui\imgui_internal.h">
      <Filter>imgui</Filter>
    </ClInclude>
    <ClInclude Include="..\..\..\..\..\..\imgui\imgui\backends\imgui_impl_opengl3.h">
      <Filter>imgui</Filter>
    </ClInclude>
    <ClInclude Include="..\..\..\..\..\..\imgui\imgui\backends\imgui_impl_opengl3_loader.h">
      <Filter>imgui</Filter>
    </ClInclude>
    <ClInclude Include="..\..\..\..\..\..\imgui\imgui\backends\imgui_impl_glfw.h">
      <Filter>imgui</Filter>
    </ClInclude>
    <ClInclude Include="..\..\..\..\..\..\imgui\imgui\imgui.h">
      <Filter>Header Files</Filter>
    </ClInclude>
    <ClInclude Include="imgui.h">
      <Filter>Header Files</Filter>
    </ClInclude>
    <ClInclude Include="input-service.hpp">
      <Filter>Header Files</Filter>
    </ClInclude>
    <ClInclude Include="key-mouse-input-service.hpp">
      <Filter>Header Files</Filter>
    </ClInclude>
    <ClInclude Include="camera-component.hpp">
      <Filter>Header Files\Components</Filter>
    </ClInclude>
    <ClInclude Include="camera-control-component.hpp">
      <Filter>Header Files\Components</Filter>
    </ClInclude>
    <ClInclude Include="mesh-component.hpp">
      <Filter>Header Files\Components</Filter>
    </ClInclude>
    <ClInclude Include="orthographic-component.hpp">
      <Filter>Header Files\Components</Filter>
    </ClInclude>
    <ClInclude Include="perspective-component.hpp">
      <Filter>Header Files\Components</Filter>
    </ClInclude>
    <ClInclude Include="projection-component.hpp">
      <Filter>Header Files\Components</Filter>
    </ClInclude>
    <ClInclude Include="shader-component.hpp">
      <Filter>Header Files\Components</Filter>
    </ClInclude>
    <ClInclude Include="transform-component.hpp">
      <Filter>Header Files\Components</Filter>
    </ClInclude>
    <ClInclude Include="math-3d.hpp">
      <Filter>Header Files</Filter>
    </ClInclude>
    <ClInclude Include="targeted-camera-component.hpp">
      <Filter>Header Files\Components</Filter>
    </ClInclude>
    <ClInclude Include="selector-component.hpp">
      <Filter>Header Files\Components</Filter>
    </ClInclude>
    <ClInclude Include="component.hpp">
      <Filter>Header Files\Components</Filter>
    </ClInclude>
    <ClInclude Include="material.hpp">
      <Filter>Header Files</Filter>
    </ClInclude>
    <ClInclude Include="button.hpp">
      <Filter>Header Files\Windows</Filter>
    </ClInclude>
    <ClInclude Include="window.hpp">
      <Filter>Header Files\Windows</Filter>
    </ClInclude>
    <ClInclude Include="root-window.hpp">
      <Filter>Header Files\Windows</Filter>
    </ClInclude>
    <ClInclude Include="render-component.hpp">
      <Filter>Header Files\Components</Filter>
    </ClInclude>
    <ClInclude Include="render-command.hpp">
      <Filter>Header Files</Filter>
    </ClInclude>
    <ClInclude Include="setup-draw-command.hpp">
      <Filter>Header Files</Filter>
    </ClInclude>
    <ClInclude Include="projection.hpp">
      <Filter>Header Files</Filter>
    </ClInclude>
    <ClInclude Include="uniform-holder.hpp">
      <Filter>Header Files</Filter>
    </ClInclude>
    <ClInclude Include="eucmesh-scanner.hpp">
      <Filter>Header Files</Filter>
    </ClInclude>
    <ClInclude Include="matrix.hpp">
      <Filter>Header Files</Filter>
    </ClInclude>
    <ClInclude Include="free-camera-component.hpp">
      <Filter>Header Files\Components</Filter>
    </ClInclude>
    <ClInclude Include="check-error.hpp">
      <Filter>Header Files</Filter>
    </ClInclude>
    <ClInclude Include="layer.hpp">
      <Filter>Header Files</Filter>
    </ClInclude>
    <ClInclude Include="color.hpp">
      <Filter>Header Files</Filter>
    </ClInclude>
    <ClInclude Include="transform-2d-component.hpp">
      <Filter>Header Files\Components</Filter>
    </ClInclude>
    <ClInclude Include="camera-tag.hpp">
      <Filter>Header Files</Filter>
    </ClInclude>
    <ClInclude Include="render-mode.hpp">
      <Filter>Header Files</Filter>
    </ClInclude>
    <ClInclude Include="ui-window.hpp">
      <Filter>Header Files\UI %28ImGui%29 Windows</Filter>
    </ClInclude>
    <ClInclude Include="hierarchy-view.hpp">
      <Filter>Header Files\UI %28ImGui%29 Windows</Filter>
    </ClInclude>
    <ClInclude Include="object-editor.hpp">
      <Filter>Header Files\UI %28ImGui%29 Windows</Filter>
    </ClInclude>
    <ClInclude Include="resource-browser.hpp">
      <Filter>Header Files</Filter>
    </ClInclude>
    <ClInclude Include="subject.hpp">
      <Filter>Header Files</Filter>
    </ClInclude>
    <ClInclude Include="observer.hpp">
      <Filter>Header Files</Filter>
    </ClInclude>
    <ClInclude Include="resource.hpp">
      <Filter>Header Files\Resources</Filter>
    </ClInclude>
    <ClInclude Include="framebuffer.hpp">
      <Filter>Header Files\Resources</Filter>
    </ClInclude>
    <ClInclude Include="image.hpp">
      <Filter>Header Files\Resources</Filter>
    </ClInclude>
    <ClInclude Include="mesh.hpp">
      <Filter>Header Files\Resources</Filter>
    </ClInclude>
    <ClInclude Include="texture.hpp">
      <Filter>Header Files\Resources</Filter>
    </ClInclude>
    <ClInclude Include="renderbuffer.hpp">
      <Filter>Header Files\Resources</Filter>
    </ClInclude>
    <ClInclude Include="app.hpp">
      <Filter>Header Files\Systems</Filter>
    </ClInclude>
    <ClInclude Include="editor-manager.hpp">
      <Filter>Header Files\Systems</Filter>
    </ClInclude>
    <ClInclude Include="input-manager.hpp">
      <Filter>Header Files\Systems</Filter>
    </ClInclude>
    <ClInclude Include="render-engine.hpp">
      <Filter>Header Files\Systems</Filter>
    </ClInclude>
    <ClInclude Include="shader.hpp">
      <Filter>Header Files\Resources</Filter>
    </ClInclude>
    <ClInclude Include="resource-manager.hpp">
      <Filter>Header Files\Systems</Filter>
    </ClInclude>
    <ClInclude Include="interface.hpp">
      <Filter>Header Files\Components\Interfaces</Filter>
    </ClInclude>
    <ClInclude Include="transform-interface.hpp">
      <Filter>Header Files\Components\Interfaces</Filter>
    </ClInclude>
    <ClInclude Include="gizmo.hpp">
      <Filter>Header Files\Components\Gizmos</Filter>
    </ClInclude>
    <ClInclude Include="transform-gizmo.hpp">
      <Filter>Header Files\Components\Gizmos</Filter>
    </ClInclude>
    <ClInclude Include="game-object.hpp">
      <Filter>Header Files\SceneObjects</Filter>
    </ClInclude>
    <ClInclude Include="ui-rectangle.hpp">
      <Filter>Header Files\SceneObjects</Filter>
    </ClInclude>
    <ClInclude Include="line.hpp">
      <Filter>Header Files</Filter>
    </ClInclude>
  </ItemGroup>
  <ItemGroup>
    <None Include="scene.hpp">
      <Filter>Header Files</Filter>
    </None>
    <None Include="component.ipp">
      <Filter>Header Files\Components</Filter>
    </None>
    <None Include="new-component.py">
      <Filter>Source Files\Scripts</Filter>
    </None>
    <None Include="game-object.ipp">
      <Filter>Header Files\SceneObjects</Filter>
    </None>
  </ItemGroup>
</Project>